
Microsoft Visual Studio Solution File, Format Version 12.00
# Visual Studio Version 16
VisualStudioVersion = 16.0.31205.134
MinimumVisualStudioVersion = 10.0.40219.1
Project("{FAE04EC0-301F-11D3-BF4B-00C04F79EFBC}") = "HelloWorld", "HelloWorld.csproj", "{BC70E8D6-6A5A-4D57-96C4-E7E3204C7E62}"
EndProject
Global
	GlobalSection(SolutionConfigurationPlatforms) = preSolution
		Debug|Any CPU = Debug|Any CPU
		Release|Any CPU = Release|Any CPU
	EndGlobalSection
	GlobalSection(ProjectConfigurationPlatforms) = postSolution
		{BC70E8D6-6A5A-4D57-96C4-E7E3204C7E62}.Debug|Any CPU.ActiveCfg = Debug|Any CPU
		{BC70E8D6-6A5A-4D57-96C4-E7E3204C7E62}.Debug|Any CPU.Build.0 = Debug|Any CPU
		{BC70E8D6-6A5A-4D57-96C4-E7E3204C7E62}.Release|Any CPU.ActiveCfg = Release|Any CPU
		{BC70E8D6-6A5A-4D57-96C4-E7E3204C7E62}.Release|Any CPU.Build.0 = Release|Any CPU
	EndGlobalSection
	GlobalSection(SolutionProperties) = preSolution
		HideSolutionNode = FALSE
	EndGlobalSection
	GlobalSection(ExtensibilityGlobals) = postSolution
		SolutionGuid = {966E9E2D-34C1-4911-B2F2-5BAF9E691734}
	EndGlobalSection
EndGlobal
